// !$*UTF8*$!
{
	archiveVersion = 1;
	classes = {
	};
	objectVersion = 46;
	objects = {

/* Begin PBXBuildFile section */
		4CB467E61D708B8F008D2E7B /* AppDelegate.swift in Sources */ = {isa = PBXBuildFile; fileRef = 4CB467E51D708B8F008D2E7B /* AppDelegate.swift */; };
		4CB467EB1D708B8F008D2E7B /* Main.storyboard in Resources */ = {isa = PBXBuildFile; fileRef = 4CB467E91D708B8F008D2E7B /* Main.storyboard */; };
		4CB467ED1D708B8F008D2E7B /* Assets.xcassets in Resources */ = {isa = PBXBuildFile; fileRef = 4CB467EC1D708B8F008D2E7B /* Assets.xcassets */; };
		4CB467F01D708B8F008D2E7B /* LaunchScreen.storyboard in Resources */ = {isa = PBXBuildFile; fileRef = 4CB467EE1D708B8F008D2E7B /* LaunchScreen.storyboard */; };
		4CB468711D74CCA5008D2E7B /* MapKit.framework in Frameworks */ = {isa = PBXBuildFile; fileRef = 4CB468701D74CCA5008D2E7B /* MapKit.framework */; };
		4CB468961D75E815008D2E7B /* Dates.swift in Sources */ = {isa = PBXBuildFile; fileRef = 4CB468951D75E815008D2E7B /* Dates.swift */; };
		4CB4689B1D75F726008D2E7B /* DateWheelViewController.swift in Sources */ = {isa = PBXBuildFile; fileRef = 4CB4689A1D75F726008D2E7B /* DateWheelViewController.swift */; };
		4CB4689D1D75F73A008D2E7B /* LocationsViewController.swift in Sources */ = {isa = PBXBuildFile; fileRef = 4CB4689C1D75F73A008D2E7B /* LocationsViewController.swift */; };
		4CB4689F1D75F7AC008D2E7B /* DatesController.swift in Sources */ = {isa = PBXBuildFile; fileRef = 4CB4689E1D75F7AC008D2E7B /* DatesController.swift */; };
		4CB469061D77815A008D2E7B /* SearchLocationTableViewController.swift in Sources */ = {isa = PBXBuildFile; fileRef = 4CB469051D77815A008D2E7B /* SearchLocationTableViewController.swift */; };
/* End PBXBuildFile section */

/* Begin PBXFileReference section */
		4CB467E21D708B8F008D2E7B /* The_Wheel_Of_Dates.app */ = {isa = PBXFileReference; explicitFileType = wrapper.application; includeInIndex = 0; path = The_Wheel_Of_Dates.app; sourceTree = BUILT_PRODUCTS_DIR; };
		4CB467E51D708B8F008D2E7B /* AppDelegate.swift */ = {isa = PBXFileReference; lastKnownFileType = sourcecode.swift; path = AppDelegate.swift; sourceTree = "<group>"; };
		4CB467EA1D708B8F008D2E7B /* Base */ = {isa = PBXFileReference; lastKnownFileType = file.storyboard; name = Base; path = Base.lproj/Main.storyboard; sourceTree = "<group>"; };
		4CB467EC1D708B8F008D2E7B /* Assets.xcassets */ = {isa = PBXFileReference; lastKnownFileType = folder.assetcatalog; path = Assets.xcassets; sourceTree = "<group>"; };
		4CB467EF1D708B8F008D2E7B /* Base */ = {isa = PBXFileReference; lastKnownFileType = file.storyboard; name = Base; path = Base.lproj/LaunchScreen.storyboard; sourceTree = "<group>"; };
		4CB467F11D708B8F008D2E7B /* Info.plist */ = {isa = PBXFileReference; lastKnownFileType = text.plist.xml; path = Info.plist; sourceTree = "<group>"; };
		4CB468701D74CCA5008D2E7B /* MapKit.framework */ = {isa = PBXFileReference; lastKnownFileType = wrapper.framework; name = MapKit.framework; path = System/Library/Frameworks/MapKit.framework; sourceTree = SDKROOT; };
		4CB468951D75E815008D2E7B /* Dates.swift */ = {isa = PBXFileReference; fileEncoding = 4; lastKnownFileType = sourcecode.swift; path = Dates.swift; sourceTree = "<group>"; };
		4CB4689A1D75F726008D2E7B /* DateWheelViewController.swift */ = {isa = PBXFileReference; fileEncoding = 4; lastKnownFileType = sourcecode.swift; path = DateWheelViewController.swift; sourceTree = "<group>"; };
		4CB4689C1D75F73A008D2E7B /* LocationsViewController.swift */ = {isa = PBXFileReference; fileEncoding = 4; lastKnownFileType = sourcecode.swift; path = LocationsViewController.swift; sourceTree = "<group>"; };
		4CB4689E1D75F7AC008D2E7B /* DatesController.swift */ = {isa = PBXFileReference; fileEncoding = 4; lastKnownFileType = sourcecode.swift; path = DatesController.swift; sourceTree = "<group>"; };
		4CB469051D77815A008D2E7B /* SearchLocationTableViewController.swift */ = {isa = PBXFileReference; fileEncoding = 4; lastKnownFileType = sourcecode.swift; path = SearchLocationTableViewController.swift; sourceTree = "<group>"; };
/* End PBXFileReference section */

/* Begin PBXFrameworksBuildPhase section */
		4CB467DF1D708B8F008D2E7B /* Frameworks */ = {
			isa = PBXFrameworksBuildPhase;
			buildActionMask = 2147483647;
			files = (
				4CB468711D74CCA5008D2E7B /* MapKit.framework in Frameworks */,
			);
			runOnlyForDeploymentPostprocessing = 0;
		};
/* End PBXFrameworksBuildPhase section */

/* Begin PBXGroup section */
		4CB467D91D708B8F008D2E7B = {
			isa = PBXGroup;
			children = (
				4CB468701D74CCA5008D2E7B /* MapKit.framework */,
				4CB467E41D708B8F008D2E7B /* The_Wheel_Of_Dates */,
				4CB467E31D708B8F008D2E7B /* Products */,
			);
			sourceTree = "<group>";
		};
		4CB467E31D708B8F008D2E7B /* Products */ = {
			isa = PBXGroup;
			children = (
				4CB467E21D708B8F008D2E7B /* The_Wheel_Of_Dates.app */,
			);
			name = Products;
			sourceTree = "<group>";
		};
		4CB467E41D708B8F008D2E7B /* The_Wheel_Of_Dates */ = {
			isa = PBXGroup;
			children = (
				4CB467E51D708B8F008D2E7B /* AppDelegate.swift */,
				4CB467E91D708B8F008D2E7B /* Main.storyboard */,
				4CB468971D75EE46008D2E7B /* Model */,
				4CB468981D75EE51008D2E7B /* Views */,
				4CB468991D75EE5A008D2E7B /* Controllers */,
				4CB467EC1D708B8F008D2E7B /* Assets.xcassets */,
				4CB467EE1D708B8F008D2E7B /* LaunchScreen.storyboard */,
				4CB467F11D708B8F008D2E7B /* Info.plist */,
			);
			path = The_Wheel_Of_Dates;
			sourceTree = "<group>";
		};
		4CB468971D75EE46008D2E7B /* Model */ = {
			isa = PBXGroup;
			children = (
				4CB468951D75E815008D2E7B /* Dates.swift */,
			);
			name = Model;
			sourceTree = "<group>";
		};
		4CB468981D75EE51008D2E7B /* Views */ = {
			isa = PBXGroup;
			children = (
				4CB4689A1D75F726008D2E7B /* DateWheelViewController.swift */,
				4CB4689C1D75F73A008D2E7B /* LocationsViewController.swift */,
				4CB469051D77815A008D2E7B /* SearchLocationTableViewController.swift */,
			);
			name = Views;
			sourceTree = "<group>";
		};
		4CB468991D75EE5A008D2E7B /* Controllers */ = {
			isa = PBXGroup;
			children = (
				4CB4689E1D75F7AC008D2E7B /* DatesController.swift */,
			);
			name = Controllers;
			sourceTree = "<group>";
		};
/* End PBXGroup section */

/* Begin PBXNativeTarget section */
		4CB467E11D708B8F008D2E7B /* The_Wheel_Of_Dates */ = {
			isa = PBXNativeTarget;
			buildConfigurationList = 4CB467F41D708B8F008D2E7B /* Build configuration list for PBXNativeTarget "The_Wheel_Of_Dates" */;
			buildPhases = (
				4CB467DE1D708B8F008D2E7B /* Sources */,
				4CB467DF1D708B8F008D2E7B /* Frameworks */,
				4CB467E01D708B8F008D2E7B /* Resources */,
			);
			buildRules = (
			);
			dependencies = (
			);
			name = The_Wheel_Of_Dates;
			productName = The_Wheel_Of_Dates;
			productReference = 4CB467E21D708B8F008D2E7B /* The_Wheel_Of_Dates.app */;
			productType = "com.apple.product-type.application";
		};
/* End PBXNativeTarget section */

/* Begin PBXProject section */
		4CB467DA1D708B8F008D2E7B /* Project object */ = {
			isa = PBXProject;
			attributes = {
				LastSwiftUpdateCheck = 0730;
				LastUpgradeCheck = 0730;
				ORGANIZATIONNAME = "Chad Watts";
				TargetAttributes = {
					4CB467E11D708B8F008D2E7B = {
						CreatedOnToolsVersion = 7.3.1;
					};
				};
			};
			buildConfigurationList = 4CB467DD1D708B8F008D2E7B /* Build configuration list for PBXProject "The_Wheel_Of_Dates" */;
			compatibilityVersion = "Xcode 3.2";
			developmentRegion = English;
			hasScannedForEncodings = 0;
			knownRegions = (
				en,
				Base,
			);
			mainGroup = 4CB467D91D708B8F008D2E7B;
			productRefGroup = 4CB467E31D708B8F008D2E7B /* Products */;
			projectDirPath = "";
			projectRoot = "";
			targets = (
				4CB467E11D708B8F008D2E7B /* The_Wheel_Of_Dates */,
			);
		};
/* End PBXProject section */

/* Begin PBXResourcesBuildPhase section */
		4CB467E01D708B8F008D2E7B /* Resources */ = {
			isa = PBXResourcesBuildPhase;
			buildActionMask = 2147483647;
			files = (
				4CB467F01D708B8F008D2E7B /* LaunchScreen.storyboard in Resources */,
				4CB467ED1D708B8F008D2E7B /* Assets.xcassets in Resources */,
				4CB467EB1D708B8F008D2E7B /* Main.storyboard in Resources */,
			);
			runOnlyForDeploymentPostprocessing = 0;
		};
/* End PBXResourcesBuildPhase section */

/* Begin PBXSourcesBuildPhase section */
		4CB467DE1D708B8F008D2E7B /* Sources */ = {
			isa = PBXSourcesBuildPhase;
			buildActionMask = 2147483647;
			files = (
				4CB469061D77815A008D2E7B /* SearchLocationTableViewController.swift in Sources */,
				4CB467E61D708B8F008D2E7B /* AppDelegate.swift in Sources */,
				4CB468961D75E815008D2E7B /* Dates.swift in Sources */,
				4CB4689F1D75F7AC008D2E7B /* DatesController.swift in Sources */,
				4CB4689B1D75F726008D2E7B /* DateWheelViewController.swift in Sources */,
				4CB4689D1D75F73A008D2E7B /* LocationsViewController.swift in Sources */,
			);
			runOnlyForDeploymentPostprocessing = 0;
		};
/* End PBXSourcesBuildPhase section */

/* Begin PBXVariantGroup section */
		4CB467E91D708B8F008D2E7B /* Main.storyboard */ = {
			isa = PBXVariantGroup;
			children = (
				4CB467EA1D708B8F008D2E7B /* Base */,
			);
			name = Main.storyboard;
			sourceTree = "<group>";
		};
		4CB467EE1D708B8F008D2E7B /* LaunchScreen.storyboard */ = {
			isa = PBXVariantGroup;
			children = (
				4CB467EF1D708B8F008D2E7B /* Base */,
			);
			name = LaunchScreen.storyboard;
			sourceTree = "<group>";
		};
/* End PBXVariantGroup section */

/* Begin XCBuildConfiguration section */
		4CB467F21D708B8F008D2E7B /* Debug */ = {
			isa = XCBuildConfiguration;
			buildSettings = {
				ALWAYS_SEARCH_USER_PATHS = NO;
				CLANG_ANALYZER_NONNULL = YES;
				CLANG_CXX_LANGUAGE_STANDARD = "gnu++0x";
				CLANG_CXX_LIBRARY = "libc++";
				CLANG_ENABLE_MODULES = YES;
				CLANG_ENABLE_OBJC_ARC = YES;
				CLANG_WARN_BOOL_CONVERSION = YES;
				CLANG_WARN_CONSTANT_CONVERSION = YES;
				CLANG_WARN_DIRECT_OBJC_ISA_USAGE = YES_ERROR;
				CLANG_WARN_EMPTY_BODY = YES;
				CLANG_WARN_ENUM_CONVERSION = YES;
				CLANG_WARN_INT_CONVERSION = YES;
				CLANG_WARN_OBJC_ROOT_CLASS = YES_ERROR;
				CLANG_WARN_UNREACHABLE_CODE = YES;
				CLANG_WARN__DUPLICATE_METHOD_MATCH = YES;
				"CODE_SIGN_IDENTITY[sdk=iphoneos*]" = "iPhone Developer";
				COPY_PHASE_STRIP = NO;
				DEBUG_INFORMATION_FORMAT = dwarf;
				ENABLE_STRICT_OBJC_MSGSEND = YES;
				ENABLE_TESTABILITY = YES;
				GCC_C_LANGUAGE_STANDARD = gnu99;
				GCC_DYNAMIC_NO_PIC = NO;
				GCC_NO_COMMON_BLOCKS = YES;
				GCC_OPTIMIZATION_LEVEL = 0;
				GCC_PREPROCESSOR_DEFINITIONS = (
					"DEBUG=1",
					"$(inherited)",
				);
				GCC_WARN_64_TO_32_BIT_CONVERSION = YES;
				GCC_WARN_ABOUT_RETURN_TYPE = YES_ERROR;
				GCC_WARN_UNDECLARED_SELECTOR = YES;
				GCC_WARN_UNINITIALIZED_AUTOS = YES_AGGRESSIVE;
				GCC_WARN_UNUSED_FUNCTION = YES;
				GCC_WARN_UNUSED_VARIABLE = YES;
				IPHONEOS_DEPLOYMENT_TARGET = 9.3;
				MTL_ENABLE_DEBUG_INFO = YES;
				ONLY_ACTIVE_ARCH = YES;
				SDKROOT = iphoneos;
				SWIFT_OPTIMIZATION_LEVEL = "-Onone";
				TARGETED_DEVICE_FAMILY = "1,2";
			};
			name = Debug;
		};
		4CB467F31D708B8F008D2E7B /* Release */ = {
			isa = XCBuildConfiguration;
			buildSettings = {
				ALWAYS_SEARCH_USER_PATHS = NO;
				CLANG_ANALYZER_NONNULL = YES;
				CLANG_CXX_LANGUAGE_STANDARD = "gnu++0x";
				CLANG_CXX_LIBRARY = "libc++";
				CLANG_ENABLE_MODULES = YES;
				CLANG_ENABLE_OBJC_ARC = YES;
				CLANG_WARN_BOOL_CONVERSION = YES;
				CLANG_WARN_CONSTANT_CONVERSION = YES;
				CLANG_WARN_DIRECT_OBJC_ISA_USAGE = YES_ERROR;
				CLANG_WARN_EMPTY_BODY = YES;
				CLANG_WARN_ENUM_CONVERSION = YES;
				CLANG_WARN_INT_CONVERSION = YES;
				CLANG_WARN_OBJC_ROOT_CLASS = YES_ERROR;
				CLANG_WARN_UNREACHABLE_CODE = YES;
				CLANG_WARN__DUPLICATE_METHOD_MATCH = YES;
				"CODE_SIGN_IDENTITY[sdk=iphoneos*]" = "iPhone Developer";
				COPY_PHASE_STRIP = NO;
				DEBUG_INFORMATION_FORMAT = "dwarf-with-dsym";
				ENABLE_NS_ASSERTIONS = NO;
				ENABLE_STRICT_OBJC_MSGSEND = YES;
				GCC_C_LANGUAGE_STANDARD = gnu99;
				GCC_NO_COMMON_BLOCKS = YES;
				GCC_WARN_64_TO_32_BIT_CONVERSION = YES;
				GCC_WARN_ABOUT_RETURN_TYPE = YES_ERROR;
				GCC_WARN_UNDECLARED_SELECTOR = YES;
				GCC_WARN_UNINITIALIZED_AUTOS = YES_AGGRESSIVE;
				GCC_WARN_UNUSED_FUNCTION = YES;
				GCC_WARN_UNUSED_VARIABLE = YES;
				IPHONEOS_DEPLOYMENT_TARGET = 9.3;
				MTL_ENABLE_DEBUG_INFO = NO;
				SDKROOT = iphoneos;
				TARGETED_DEVICE_FAMILY = "1,2";
				VALIDATE_PRODUCT = YES;
			};
			name = Release;
		};
		4CB467F51D708B8F008D2E7B /* Debug */ = {
			isa = XCBuildConfiguration;
			buildSettings = {
				ASSETCATALOG_COMPILER_APPICON_NAME = AppIcon;
				INFOPLIST_FILE = The_Wheel_Of_Dates/Info.plist;
				LD_RUNPATH_SEARCH_PATHS = "$(inherited) @executable_path/Frameworks";
				PRODUCT_BUNDLE_IDENTIFIER = "Wattzapps.The-Wheel-Of-Dates";
				PRODUCT_NAME = "$(TARGET_NAME)";
			};
			name = Debug;
		};
		4CB467F61D708B8F008D2E7B /* Release */ = {
			isa = XCBuildConfiguration;
			buildSettings = {
				ASSETCATALOG_COMPILER_APPICON_NAME = AppIcon;
				INFOPLIST_FILE = The_Wheel_Of_Dates/Info.plist;
				LD_RUNPATH_SEARCH_PATHS = "$(inherited) @executable_path/Frameworks";
				PRODUCT_BUNDLE_IDENTIFIER = "Wattzapps.The-Wheel-Of-Dates";
				PRODUCT_NAME = "$(TARGET_NAME)";
			};
			name = Release;
		};
/* End XCBuildConfiguration section */

/* Begin XCConfigurationList section */
		4CB467DD1D708B8F008D2E7B /* Build configuration list for PBXProject "The_Wheel_Of_Dates" */ = {
			isa = XCConfigurationList;
			buildConfigurations = (
				4CB467F21D708B8F008D2E7B /* Debug */,
				4CB467F31D708B8F008D2E7B /* Release */,
			);
			defaultConfigurationIsVisible = 0;
			defaultConfigurationName = Release;
		};
		4CB467F41D708B8F008D2E7B /* Build configuration list for PBXNativeTarget "The_Wheel_Of_Dates" */ = {
			isa = XCConfigurationList;
			buildConfigurations = (
				4CB467F51D708B8F008D2E7B /* Debug */,
				4CB467F61D708B8F008D2E7B /* Release */,
			);
			defaultConfigurationIsVisible = 0;
			defaultConfigurationName = Release;
		};
/* End XCConfigurationList section */
	};
	rootObject = 4CB467DA1D708B8F008D2E7B /* Project object */;
}
